
Microsoft Visual Studio Solution File, Format Version 12.00
# Visual Studio Version 17
VisualStudioVersion = 17.6.33829.357
MinimumVisualStudioVersion = 10.0.40219.1
Project("{FAE04EC0-301F-11D3-BF4B-00C04F79EFBC}") = "InventoryCompareCSV", "InventoryCompareCSV\InventoryCompareCSV.csproj", "{87EAA390-9181-44BA-845D-568555DE9F86}"
EndProject
Global
	GlobalSection(SolutionConfigurationPlatforms) = preSolution
		Debug|Any CPU = Debug|Any CPU
		Release|Any CPU = Release|Any CPU
	EndGlobalSection
	GlobalSection(ProjectConfigurationPlatforms) = postSolution
		{87EAA390-9181-44BA-845D-568555DE9F86}.Debug|Any CPU.ActiveCfg = Debug|Any CPU
		{87EAA390-9181-44BA-845D-568555DE9F86}.Debug|Any CPU.Build.0 = Debug|Any CPU
		{87EAA390-9181-44BA-845D-568555DE9F86}.Release|Any CPU.ActiveCfg = Release|Any CPU
		{87EAA390-9181-44BA-845D-568555DE9F86}.Release|Any CPU.Build.0 = Release|Any CPU
	EndGlobalSection
	GlobalSection(SolutionProperties) = preSolution
		HideSolutionNode = FALSE
	EndGlobalSection
	GlobalSection(ExtensibilityGlobals) = postSolution
		SolutionGuid = {97178ADB-F043-4067-9B7D-8943A212C52B}
	EndGlobalSection
EndGlobal
